// !$*UTF8*$!
{
	archiveVersion = 1;
	classes = {
	};
	objectVersion = 46;
	objects = {

/* Begin PBXBuildFile section */
		7B4221071E31CF11003DF50B /* VCViewController.swift in Sources */ = {isa = PBXBuildFile; fileRef = 7B4221061E31CF11003DF50B /* VCViewController.swift */; };
		7B4EADBA1E310C4400753104 /* UITableViewExtension.swift in Sources */ = {isa = PBXBuildFile; fileRef = 7B4EADB91E310C4400753104 /* UITableViewExtension.swift */; };
		7BF37C961E2A65DA00CB7179 /* AppDelegate.swift in Sources */ = {isa = PBXBuildFile; fileRef = 7BF37C951E2A65DA00CB7179 /* AppDelegate.swift */; };
		7BF37C981E2A65DB00CB7179 /* ViewController.swift in Sources */ = {isa = PBXBuildFile; fileRef = 7BF37C971E2A65DA00CB7179 /* ViewController.swift */; };
		7BF37C9B1E2A65DB00CB7179 /* Main.storyboard in Resources */ = {isa = PBXBuildFile; fileRef = 7BF37C991E2A65DB00CB7179 /* Main.storyboard */; };
		7BF37C9D1E2A65DB00CB7179 /* Assets.xcassets in Resources */ = {isa = PBXBuildFile; fileRef = 7BF37C9C1E2A65DB00CB7179 /* Assets.xcassets */; };
		7BF37CA01E2A65DB00CB7179 /* LaunchScreen.storyboard in Resources */ = {isa = PBXBuildFile; fileRef = 7BF37C9E1E2A65DB00CB7179 /* LaunchScreen.storyboard */; };
		7BF37CA81E2BB97F00CB7179 /* CustomTableViewCell.swift in Sources */ = {isa = PBXBuildFile; fileRef = 7BF37CA71E2BB97F00CB7179 /* CustomTableViewCell.swift */; };
		7BF37CAA1E2D291800CB7179 /* SearchViewController.swift in Sources */ = {isa = PBXBuildFile; fileRef = 7BF37CA91E2D291800CB7179 /* SearchViewController.swift */; };
		7BF37CAC1E30EF3800CB7179 /* EditViewController.swift in Sources */ = {isa = PBXBuildFile; fileRef = 7BF37CAB1E30EF3800CB7179 /* EditViewController.swift */; };
		7BF37CAE1E3102EF00CB7179 /* VirtualCurrency.plist in Resources */ = {isa = PBXBuildFile; fileRef = 7BF37CAD1E3102EF00CB7179 /* VirtualCurrency.plist */; };
/* End PBXBuildFile section */

/* Begin PBXFileReference section */
		7B4221061E31CF11003DF50B /* VCViewController.swift */ = {isa = PBXFileReference; fileEncoding = 4; lastKnownFileType = sourcecode.swift; path = VCViewController.swift; sourceTree = "<group>"; };
		7B4EADB91E310C4400753104 /* UITableViewExtension.swift */ = {isa = PBXFileReference; fileEncoding = 4; lastKnownFileType = sourcecode.swift; path = UITableViewExtension.swift; sourceTree = "<group>"; };
		7BF37C921E2A65DA00CB7179 /* BitValue.app */ = {isa = PBXFileReference; explicitFileType = wrapper.application; includeInIndex = 0; path = BitValue.app; sourceTree = BUILT_PRODUCTS_DIR; };
		7BF37C951E2A65DA00CB7179 /* AppDelegate.swift */ = {isa = PBXFileReference; lastKnownFileType = sourcecode.swift; path = AppDelegate.swift; sourceTree = "<group>"; };
		7BF37C971E2A65DA00CB7179 /* ViewController.swift */ = {isa = PBXFileReference; lastKnownFileType = sourcecode.swift; path = ViewController.swift; sourceTree = "<group>"; };
		7BF37C9A1E2A65DB00CB7179 /* Base */ = {isa = PBXFileReference; lastKnownFileType = file.storyboard; name = Base; path = Base.lproj/Main.storyboard; sourceTree = "<group>"; };
		7BF37C9C1E2A65DB00CB7179 /* Assets.xcassets */ = {isa = PBXFileReference; lastKnownFileType = folder.assetcatalog; path = Assets.xcassets; sourceTree = "<group>"; };
		7BF37C9F1E2A65DB00CB7179 /* Base */ = {isa = PBXFileReference; lastKnownFileType = file.storyboard; name = Base; path = Base.lproj/LaunchScreen.storyboard; sourceTree = "<group>"; };
		7BF37CA11E2A65DB00CB7179 /* Info.plist */ = {isa = PBXFileReference; lastKnownFileType = text.plist.xml; path = Info.plist; sourceTree = "<group>"; };
		7BF37CA71E2BB97F00CB7179 /* CustomTableViewCell.swift */ = {isa = PBXFileReference; fileEncoding = 4; lastKnownFileType = sourcecode.swift; path = CustomTableViewCell.swift; sourceTree = "<group>"; };
		7BF37CA91E2D291800CB7179 /* SearchViewController.swift */ = {isa = PBXFileReference; fileEncoding = 4; lastKnownFileType = sourcecode.swift; path = SearchViewController.swift; sourceTree = "<group>"; };
		7BF37CAB1E30EF3800CB7179 /* EditViewController.swift */ = {isa = PBXFileReference; fileEncoding = 4; lastKnownFileType = sourcecode.swift; path = EditViewController.swift; sourceTree = "<group>"; };
		7BF37CAD1E3102EF00CB7179 /* VirtualCurrency.plist */ = {isa = PBXFileReference; fileEncoding = 4; lastKnownFileType = text.plist.xml; path = VirtualCurrency.plist; sourceTree = "<group>"; };
/* End PBXFileReference section */

/* Begin PBXFrameworksBuildPhase section */
		7BF37C8F1E2A65DA00CB7179 /* Frameworks */ = {
			isa = PBXFrameworksBuildPhase;
			buildActionMask = 2147483647;
			files = (
			);
			runOnlyForDeploymentPostprocessing = 0;
		};
/* End PBXFrameworksBuildPhase section */

/* Begin PBXGroup section */
		7BA944421E44B63B0085C30F /* View */ = {
			isa = PBXGroup;
			children = (
				7B4221061E31CF11003DF50B /* VCViewController.swift */,
				7BF37CA71E2BB97F00CB7179 /* CustomTableViewCell.swift */,
			);
			name = View;
			sourceTree = "<group>";
		};
		7BA944431E44B6460085C30F /* Controller */ = {
			isa = PBXGroup;
			children = (
				7BF37C971E2A65DA00CB7179 /* ViewController.swift */,
				7BF37CAB1E30EF3800CB7179 /* EditViewController.swift */,
				7BF37CA91E2D291800CB7179 /* SearchViewController.swift */,
			);
			name = Controller;
			sourceTree = "<group>";
		};
		7BA944441E44B6570085C30F /* Extension */ = {
			isa = PBXGroup;
			children = (
				7B4EADB91E310C4400753104 /* UITableViewExtension.swift */,
			);
			name = Extension;
			sourceTree = "<group>";
		};
		7BF37C891E2A65DA00CB7179 = {
			isa = PBXGroup;
			children = (
				7BF37C941E2A65DA00CB7179 /* BitValue */,
				7BF37C931E2A65DA00CB7179 /* Products */,
			);
			sourceTree = "<group>";
		};
		7BF37C931E2A65DA00CB7179 /* Products */ = {
			isa = PBXGroup;
			children = (
				7BF37C921E2A65DA00CB7179 /* BitValue.app */,
			);
			name = Products;
			sourceTree = "<group>";
		};
		7BF37C941E2A65DA00CB7179 /* BitValue */ = {
			isa = PBXGroup;
			children = (
				7BF37C951E2A65DA00CB7179 /* AppDelegate.swift */,
				7BA944431E44B6460085C30F /* Controller */,
				7BA944421E44B63B0085C30F /* View */,
				7BA944441E44B6570085C30F /* Extension */,
				7BF37C9C1E2A65DB00CB7179 /* Assets.xcassets */,
				7BF37C991E2A65DB00CB7179 /* Main.storyboard */,
				7BF37C9E1E2A65DB00CB7179 /* LaunchScreen.storyboard */,
				7BF37CA11E2A65DB00CB7179 /* Info.plist */,
				7BF37CAD1E3102EF00CB7179 /* VirtualCurrency.plist */,
			);
			path = BitValue;
			sourceTree = "<group>";
		};
/* End PBXGroup section */

/* Begin PBXNativeTarget section */
		7BF37C911E2A65DA00CB7179 /* BitValue */ = {
			isa = PBXNativeTarget;
			buildConfigurationList = 7BF37CA41E2A65DB00CB7179 /* Build configuration list for PBXNativeTarget "BitValue" */;
			buildPhases = (
				7BF37C8E1E2A65DA00CB7179 /* Sources */,
				7BF37C8F1E2A65DA00CB7179 /* Frameworks */,
				7BF37C901E2A65DA00CB7179 /* Resources */,
			);
			buildRules = (
			);
			dependencies = (
			);
			name = BitValue;
			productName = BitValue;
			productReference = 7BF37C921E2A65DA00CB7179 /* BitValue.app */;
			productType = "com.apple.product-type.application";
		};
/* End PBXNativeTarget section */

/* Begin PBXProject section */
		7BF37C8A1E2A65DA00CB7179 /* Project object */ = {
			isa = PBXProject;
			attributes = {
				LastSwiftUpdateCheck = 0820;
				LastUpgradeCheck = 0820;
				ORGANIZATIONNAME = sample;
				TargetAttributes = {
					7BF37C911E2A65DA00CB7179 = {
						CreatedOnToolsVersion = 8.2.1;
						DevelopmentTeam = R9Y63E745F;
						ProvisioningStyle = Automatic;
					};
				};
			};
			buildConfigurationList = 7BF37C8D1E2A65DA00CB7179 /* Build configuration list for PBXProject "BitValue" */;
			compatibilityVersion = "Xcode 3.2";
			developmentRegion = English;
			hasScannedForEncodings = 0;
			knownRegions = (
				en,
				Base,
			);
			mainGroup = 7BF37C891E2A65DA00CB7179;
			productRefGroup = 7BF37C931E2A65DA00CB7179 /* Products */;
			projectDirPath = "";
			projectRoot = "";
			targets = (
				7BF37C911E2A65DA00CB7179 /* BitValue */,
			);
		};
/* End PBXProject section */

/* Begin PBXResourcesBuildPhase section */
		7BF37C901E2A65DA00CB7179 /* Resources */ = {
			isa = PBXResourcesBuildPhase;
			buildActionMask = 2147483647;
			files = (
				7BF37CA01E2A65DB00CB7179 /* LaunchScreen.storyboard in Resources */,
				7BF37CAE1E3102EF00CB7179 /* VirtualCurrency.plist in Resources */,
				7BF37C9D1E2A65DB00CB7179 /* Assets.xcassets in Resources */,
				7BF37C9B1E2A65DB00CB7179 /* Main.storyboard in Resources */,
			);
			runOnlyForDeploymentPostprocessing = 0;
		};
/* End PBXResourcesBuildPhase section */

/* Begin PBXSourcesBuildPhase section */
		7BF37C8E1E2A65DA00CB7179 /* Sources */ = {
			isa = PBXSourcesBuildPhase;
			buildActionMask = 2147483647;
			files = (
				7BF37CAC1E30EF3800CB7179 /* EditViewController.swift in Sources */,
				7BF37CA81E2BB97F00CB7179 /* CustomTableViewCell.swift in Sources */,
				7BF37C981E2A65DB00CB7179 /* ViewController.swift in Sources */,
				7B4EADBA1E310C4400753104 /* UITableViewExtension.swift in Sources */,
				7BF37CAA1E2D291800CB7179 /* SearchViewController.swift in Sources */,
				7BF37C961E2A65DA00CB7179 /* AppDelegate.swift in Sources */,
				7B4221071E31CF11003DF50B /* VCViewController.swift in Sources */,
			);
			runOnlyForDeploymentPostprocessing = 0;
		};
/* End PBXSourcesBuildPhase section */

/* Begin PBXVariantGroup section */
		7BF37C991E2A65DB00CB7179 /* Main.storyboard */ = {
			isa = PBXVariantGroup;
			children = (
				7BF37C9A1E2A65DB00CB7179 /* Base */,
			);
			name = Main.storyboard;
			sourceTree = "<group>";
		};
		7BF37C9E1E2A65DB00CB7179 /* LaunchScreen.storyboard */ = {
			isa = PBXVariantGroup;
			children = (
				7BF37C9F1E2A65DB00CB7179 /* Base */,
			);
			name = LaunchScreen.storyboard;
			sourceTree = "<group>";
		};
/* End PBXVariantGroup section */

/* Begin XCBuildConfiguration section */
		7BF37CA21E2A65DB00CB7179 /* Debug */ = {
			isa = XCBuildConfiguration;
			buildSettings = {
				ALWAYS_SEARCH_USER_PATHS = NO;
				CLANG_ANALYZER_NONNULL = YES;
				CLANG_CXX_LANGUAGE_STANDARD = "gnu++0x";
				CLANG_CXX_LIBRARY = "libc++";
				CLANG_ENABLE_MODULES = YES;
				CLANG_ENABLE_OBJC_ARC = YES;
				CLANG_WARN_BOOL_CONVERSION = YES;
				CLANG_WARN_CONSTANT_CONVERSION = YES;
				CLANG_WARN_DIRECT_OBJC_ISA_USAGE = YES_ERROR;
				CLANG_WARN_DOCUMENTATION_COMMENTS = YES;
				CLANG_WARN_EMPTY_BODY = YES;
				CLANG_WARN_ENUM_CONVERSION = YES;
				CLANG_WARN_INFINITE_RECURSION = YES;
				CLANG_WARN_INT_CONVERSION = YES;
				CLANG_WARN_OBJC_ROOT_CLASS = YES_ERROR;
				CLANG_WARN_SUSPICIOUS_MOVE = YES;
				CLANG_WARN_UNREACHABLE_CODE = YES;
				CLANG_WARN__DUPLICATE_METHOD_MATCH = YES;
				"CODE_SIGN_IDENTITY[sdk=iphoneos*]" = "iPhone Developer";
				COPY_PHASE_STRIP = NO;
				DEBUG_INFORMATION_FORMAT = dwarf;
				ENABLE_STRICT_OBJC_MSGSEND = YES;
				ENABLE_TESTABILITY = YES;
				GCC_C_LANGUAGE_STANDARD = gnu99;
				GCC_DYNAMIC_NO_PIC = NO;
				GCC_NO_COMMON_BLOCKS = YES;
				GCC_OPTIMIZATION_LEVEL = 0;
				GCC_PREPROCESSOR_DEFINITIONS = (
					"DEBUG=1",
					"$(inherited)",
				);
				GCC_WARN_64_TO_32_BIT_CONVERSION = YES;
				GCC_WARN_ABOUT_RETURN_TYPE = YES_ERROR;
				GCC_WARN_UNDECLARED_SELECTOR = YES;
				GCC_WARN_UNINITIALIZED_AUTOS = YES_AGGRESSIVE;
				GCC_WARN_UNUSED_FUNCTION = YES;
				GCC_WARN_UNUSED_VARIABLE = YES;
				IPHONEOS_DEPLOYMENT_TARGET = 10.2;
				MTL_ENABLE_DEBUG_INFO = YES;
				ONLY_ACTIVE_ARCH = YES;
				SDKROOT = iphoneos;
				SWIFT_ACTIVE_COMPILATION_CONDITIONS = DEBUG;
				SWIFT_OPTIMIZATION_LEVEL = "-Onone";
				TARGETED_DEVICE_FAMILY = "1,2";
			};
			name = Debug;
		};
		7BF37CA31E2A65DB00CB7179 /* Release */ = {
			isa = XCBuildConfiguration;
			buildSettings = {
				ALWAYS_SEARCH_USER_PATHS = NO;
				CLANG_ANALYZER_NONNULL = YES;
				CLANG_CXX_LANGUAGE_STANDARD = "gnu++0x";
				CLANG_CXX_LIBRARY = "libc++";
				CLANG_ENABLE_MODULES = YES;
				CLANG_ENABLE_OBJC_ARC = YES;
				CLANG_WARN_BOOL_CONVERSION = YES;
				CLANG_WARN_CONSTANT_CONVERSION = YES;
				CLANG_WARN_DIRECT_OBJC_ISA_USAGE = YES_ERROR;
				CLANG_WARN_DOCUMENTATION_COMMENTS = YES;
				CLANG_WARN_EMPTY_BODY = YES;
				CLANG_WARN_ENUM_CONVERSION = YES;
				CLANG_WARN_INFINITE_RECURSION = YES;
				CLANG_WARN_INT_CONVERSION = YES;
				CLANG_WARN_OBJC_ROOT_CLASS = YES_ERROR;
				CLANG_WARN_SUSPICIOUS_MOVE = YES;
				CLANG_WARN_UNREACHABLE_CODE = YES;
				CLANG_WARN__DUPLICATE_METHOD_MATCH = YES;
				"CODE_SIGN_IDENTITY[sdk=iphoneos*]" = "iPhone Developer";
				COPY_PHASE_STRIP = NO;
				DEBUG_INFORMATION_FORMAT = "dwarf-with-dsym";
				ENABLE_NS_ASSERTIONS = NO;
				ENABLE_STRICT_OBJC_MSGSEND = YES;
				GCC_C_LANGUAGE_STANDARD = gnu99;
				GCC_NO_COMMON_BLOCKS = YES;
				GCC_WARN_64_TO_32_BIT_CONVERSION = YES;
				GCC_WARN_ABOUT_RETURN_TYPE = YES_ERROR;
				GCC_WARN_UNDECLARED_SELECTOR = YES;
				GCC_WARN_UNINITIALIZED_AUTOS = YES_AGGRESSIVE;
				GCC_WARN_UNUSED_FUNCTION = YES;
				GCC_WARN_UNUSED_VARIABLE = YES;
				IPHONEOS_DEPLOYMENT_TARGET = 10.2;
				MTL_ENABLE_DEBUG_INFO = NO;
				SDKROOT = iphoneos;
				SWIFT_OPTIMIZATION_LEVEL = "-Owholemodule";
				TARGETED_DEVICE_FAMILY = "1,2";
				VALIDATE_PRODUCT = YES;
			};
			name = Release;
		};
		7BF37CA51E2A65DB00CB7179 /* Debug */ = {
			isa = XCBuildConfiguration;
			buildSettings = {
				ASSETCATALOG_COMPILER_APPICON_NAME = AppIcon;
				DEVELOPMENT_TEAM = R9Y63E745F;
				INFOPLIST_FILE = BitValue/Info.plist;
				LD_RUNPATH_SEARCH_PATHS = "$(inherited) @executable_path/Frameworks";
				PRODUCT_BUNDLE_IDENTIFIER = sample.BitValue;
				PRODUCT_NAME = "$(TARGET_NAME)";
				SWIFT_VERSION = 3.0;
			};
			name = Debug;
		};
		7BF37CA61E2A65DB00CB7179 /* Release */ = {
			isa = XCBuildConfiguration;
			buildSettings = {
				ASSETCATALOG_COMPILER_APPICON_NAME = AppIcon;
				DEVELOPMENT_TEAM = R9Y63E745F;
				INFOPLIST_FILE = BitValue/Info.plist;
				LD_RUNPATH_SEARCH_PATHS = "$(inherited) @executable_path/Frameworks";
				PRODUCT_BUNDLE_IDENTIFIER = sample.BitValue;
				PRODUCT_NAME = "$(TARGET_NAME)";
				SWIFT_VERSION = 3.0;
			};
			name = Release;
		};
/* End XCBuildConfiguration section */

/* Begin XCConfigurationList section */
		7BF37C8D1E2A65DA00CB7179 /* Build configuration list for PBXProject "BitValue" */ = {
			isa = XCConfigurationList;
			buildConfigurations = (
				7BF37CA21E2A65DB00CB7179 /* Debug */,
				7BF37CA31E2A65DB00CB7179 /* Release */,
			);
			defaultConfigurationIsVisible = 0;
			defaultConfigurationName = Release;
		};
		7BF37CA41E2A65DB00CB7179 /* Build configuration list for PBXNativeTarget "BitValue" */ = {
			isa = XCConfigurationList;
			buildConfigurations = (
				7BF37CA51E2A65DB00CB7179 /* Debug */,
				7BF37CA61E2A65DB00CB7179 /* Release */,
			);
			defaultConfigurationIsVisible = 0;
			defaultConfigurationName = Release;
		};
/* End XCConfigurationList section */
	};
	rootObject = 7BF37C8A1E2A65DA00CB7179 /* Project object */;
}
